{
  "name": "redirect",
  "version": "0.0.0",
  "lockfileVersion": 1,
  "requires": true,
  "dependencies": {
    "lws-redirect": {
      "version": "1.0.4",
      "resolved": "https://registry.npmjs.org/lws-redirect/-/lws-redirect-1.0.4.tgz",
      "integrity": "sha512-3lLWoFRAx8UX6dyUR5oxjOYJtfKelkYFBKgSOv6ctIeOwl1OZ6QDpmVbTZmb9vcg6a4hl2fUJGboVDBQcxOLiw==",
      "dev": true
    }
  }
}
